<?xml version="1.0" encoding="utf-8"?>
<Project ToolsVersion="4.0" xmlns="http://schemas.microsoft.com/developer/msbuild/2003">
  <ItemGroup>
<<<<<<< HEAD
    <ClCompile Include="src\script.cpp" />
    <ClCompile Include="src\DevMode.cpp" />
  </ItemGroup>
  <ItemGroup>
    <ClInclude Include="src\DevMode.h" />
=======
    <ClCompile Include="script.cpp" />
    <ClCompile Include="DevMode.cpp" />
  </ItemGroup>
  <ItemGroup>
    <ClInclude Include="DevMode.h" />
>>>>>>> 6758477dd5728274b0ce9e466441bd054bcd635a
  </ItemGroup>
</Project>